
Microsoft Visual Studio Solution File, Format Version 12.00
# Visual Studio 2013
VisualStudioVersion = 12.0.21005.1
MinimumVisualStudioVersion = 10.0.40219.1
Project("{8BC9CEB8-8B4A-11D0-8D11-00A0C91BC942}") = "xllmath", "xllmath.vcxproj", "{A6A54232-8811-4D24-84E1-D0A50A6AC34A}"
EndProject
Project("{8BC9CEB8-8B4A-11D0-8D11-00A0C91BC942}") = "xll", "..\xll8\xll.vcxproj", "{8B15C18C-4C25-476C-ABBD-88BE05C35A3E}"
EndProject
Global
	GlobalSection(SolutionConfigurationPlatforms) = preSolution
		Debug|Win32 = Debug|Win32
		Debug|x64 = Debug|x64
		Release|Win32 = Release|Win32
		Release|x64 = Release|x64
	EndGlobalSection
	GlobalSection(ProjectConfigurationPlatforms) = postSolution
		{A6A54232-8811-4D24-84E1-D0A50A6AC34A}.Debug|Win32.ActiveCfg = Debug|Win32
		{A6A54232-8811-4D24-84E1-D0A50A6AC34A}.Debug|Win32.Build.0 = Debug|Win32
		{A6A54232-8811-4D24-84E1-D0A50A6AC34A}.Debug|x64.ActiveCfg = Debug|Win32
		{A6A54232-8811-4D24-84E1-D0A50A6AC34A}.Release|Win32.ActiveCfg = Release|Win32
		{A6A54232-8811-4D24-84E1-D0A50A6AC34A}.Release|Win32.Build.0 = Release|Win32
		{A6A54232-8811-4D24-84E1-D0A50A6AC34A}.Release|x64.ActiveCfg = Release|Win32
		{8B15C18C-4C25-476C-ABBD-88BE05C35A3E}.Debug|Win32.ActiveCfg = Debug|Win32
		{8B15C18C-4C25-476C-ABBD-88BE05C35A3E}.Debug|Win32.Build.0 = Debug|Win32
		{8B15C18C-4C25-476C-ABBD-88BE05C35A3E}.Debug|x64.ActiveCfg = Debug|x64
		{8B15C18C-4C25-476C-ABBD-88BE05C35A3E}.Debug|x64.Build.0 = Debug|x64
		{8B15C18C-4C25-476C-ABBD-88BE05C35A3E}.Release|Win32.ActiveCfg = Release|Win32
		{8B15C18C-4C25-476C-ABBD-88BE05C35A3E}.Release|Win32.Build.0 = Release|Win32
		{8B15C18C-4C25-476C-ABBD-88BE05C35A3E}.Release|x64.ActiveCfg = Release|x64
		{8B15C18C-4C25-476C-ABBD-88BE05C35A3E}.Release|x64.Build.0 = Release|x64
	EndGlobalSection
	GlobalSection(SolutionProperties) = preSolution
		HideSolutionNode = FALSE
	EndGlobalSection
EndGlobal
